
Microsoft Visual Studio Solution File, Format Version 12.00
# Visual Studio Version 17
VisualStudioVersion = 17.5.002.0
MinimumVisualStudioVersion = 10.0.40219.1
Project("{9A19103F-16F7-4668-BE54-9A1E7A4F7556}") = "clase20240524", "clase20240524.csproj", "{B9A82B57-67E5-432E-85BA-964FA5261615}"
EndProject
Global
	GlobalSection(SolutionConfigurationPlatforms) = preSolution
		Debug|Any CPU = Debug|Any CPU
		Release|Any CPU = Release|Any CPU
	EndGlobalSection
	GlobalSection(ProjectConfigurationPlatforms) = postSolution
		{B9A82B57-67E5-432E-85BA-964FA5261615}.Debug|Any CPU.ActiveCfg = Debug|Any CPU
		{B9A82B57-67E5-432E-85BA-964FA5261615}.Debug|Any CPU.Build.0 = Debug|Any CPU
		{B9A82B57-67E5-432E-85BA-964FA5261615}.Release|Any CPU.ActiveCfg = Release|Any CPU
		{B9A82B57-67E5-432E-85BA-964FA5261615}.Release|Any CPU.Build.0 = Release|Any CPU
	EndGlobalSection
	GlobalSection(SolutionProperties) = preSolution
		HideSolutionNode = FALSE
	EndGlobalSection
	GlobalSection(ExtensibilityGlobals) = postSolution
		SolutionGuid = {129417F0-F022-4CF5-9317-2188E6BEB241}
	EndGlobalSection
EndGlobal
